
Microsoft Visual Studio Solution File, Format Version 12.00
# Visual Studio Version 16
VisualStudioVersion = 16.0.31424.327
MinimumVisualStudioVersion = 10.0.40219.1
Project("{FAE04EC0-301F-11D3-BF4B-00C04F79EFBC}") = "XTE_ScalesDAQ", "XTE_ScalesDAQ\XTE_ScalesDAQ.csproj", "{895317FA-A377-43D8-8E9D-AC3C907E0AD4}"
EndProject
Global
	GlobalSection(SolutionConfigurationPlatforms) = preSolution
		Debug|Any CPU = Debug|Any CPU
		Release|Any CPU = Release|Any CPU
	EndGlobalSection
	GlobalSection(ProjectConfigurationPlatforms) = postSolution
		{895317FA-A377-43D8-8E9D-AC3C907E0AD4}.Debug|Any CPU.ActiveCfg = Debug|Any CPU
		{895317FA-A377-43D8-8E9D-AC3C907E0AD4}.Debug|Any CPU.Build.0 = Debug|Any CPU
		{895317FA-A377-43D8-8E9D-AC3C907E0AD4}.Release|Any CPU.ActiveCfg = Release|Any CPU
		{895317FA-A377-43D8-8E9D-AC3C907E0AD4}.Release|Any CPU.Build.0 = Release|Any CPU
	EndGlobalSection
	GlobalSection(SolutionProperties) = preSolution
		HideSolutionNode = FALSE
	EndGlobalSection
	GlobalSection(ExtensibilityGlobals) = postSolution
		SolutionGuid = {4C73AE26-E9A8-4AA8-B7F9-FAEC7DFD9A97}
	EndGlobalSection
EndGlobal
